
Microsoft Visual Studio Solution File, Format Version 12.00
# Visual Studio Version 17
VisualStudioVersion = 17.0.31903.59
MinimumVisualStudioVersion = 10.0.40219.1
Project("{FAE04EC0-301F-11D3-BF4B-00C04F79EFBC}") = "TodoApp.Api", "TodoApp.Api\TodoApp.Api.csproj", "{C7E53707-91B8-4BF7-A111-97AE8E33A713}"
EndProject
Project("{FAE04EC0-301F-11D3-BF4B-00C04F79EFBC}") = "TodoApp.Application", "TodoApp.Application\TodoApp.Application.csproj", "{CD938699-4628-4685-AD97-3297A5A892DA}"
EndProject
Project("{FAE04EC0-301F-11D3-BF4B-00C04F79EFBC}") = "TodoApp.Core", "TodoApp.Core\TodoApp.Core.csproj", "{24A93163-7251-4265-B156-657B1BDE0107}"
EndProject
Project("{FAE04EC0-301F-11D3-BF4B-00C04F79EFBC}") = "TodoApp.Infrastructure", "TodoApp.Infrastructure\TodoApp.Infrastructure.csproj", "{49BFF953-D6AE-4256-9543-E7F7D3CD5B58}"
EndProject
Project("{FAE04EC0-301F-11D3-BF4B-00C04F79EFBC}") = "TodoApp.Common", "TodoApp.Common\TodoApp.Common.csproj", "{12957476-F101-4838-BAC8-95CEC90B5B0B}"
EndProject
Project("{FAE04EC0-301F-11D3-BF4B-00C04F79EFBC}") = "TodoApp.Tests", "TodoApp.Tests\TodoApp.Tests.csproj", "{BC4B7955-EF1E-4C66-8871-7F44711A124E}"
EndProject
Project("{FAE04EC0-301F-11D3-BF4B-00C04F79EFBC}") = "TodoApp.Tests.Integration", "TodoApp.Tests.Integration\TodoApp.Tests.Integration.csproj", "{FAC03D2B-16D8-440D-B3E3-1FCDAF0182A7}"
EndProject
Global
	GlobalSection(SolutionConfigurationPlatforms) = preSolution
		Debug|Any CPU = Debug|Any CPU
		Release|Any CPU = Release|Any CPU
	EndGlobalSection
	GlobalSection(SolutionProperties) = preSolution
		HideSolutionNode = FALSE
	EndGlobalSection
	GlobalSection(ProjectConfigurationPlatforms) = postSolution
		{C7E53707-91B8-4BF7-A111-97AE8E33A713}.Debug|Any CPU.ActiveCfg = Debug|Any CPU
		{C7E53707-91B8-4BF7-A111-97AE8E33A713}.Debug|Any CPU.Build.0 = Debug|Any CPU
		{C7E53707-91B8-4BF7-A111-97AE8E33A713}.Release|Any CPU.ActiveCfg = Release|Any CPU
		{C7E53707-91B8-4BF7-A111-97AE8E33A713}.Release|Any CPU.Build.0 = Release|Any CPU
		{CD938699-4628-4685-AD97-3297A5A892DA}.Debug|Any CPU.ActiveCfg = Debug|Any CPU
		{CD938699-4628-4685-AD97-3297A5A892DA}.Debug|Any CPU.Build.0 = Debug|Any CPU
		{CD938699-4628-4685-AD97-3297A5A892DA}.Release|Any CPU.ActiveCfg = Release|Any CPU
		{CD938699-4628-4685-AD97-3297A5A892DA}.Release|Any CPU.Build.0 = Release|Any CPU
		{24A93163-7251-4265-B156-657B1BDE0107}.Debug|Any CPU.ActiveCfg = Debug|Any CPU
		{24A93163-7251-4265-B156-657B1BDE0107}.Debug|Any CPU.Build.0 = Debug|Any CPU
		{24A93163-7251-4265-B156-657B1BDE0107}.Release|Any CPU.ActiveCfg = Release|Any CPU
		{24A93163-7251-4265-B156-657B1BDE0107}.Release|Any CPU.Build.0 = Release|Any CPU
		{49BFF953-D6AE-4256-9543-E7F7D3CD5B58}.Debug|Any CPU.ActiveCfg = Debug|Any CPU
		{49BFF953-D6AE-4256-9543-E7F7D3CD5B58}.Debug|Any CPU.Build.0 = Debug|Any CPU
		{49BFF953-D6AE-4256-9543-E7F7D3CD5B58}.Release|Any CPU.ActiveCfg = Release|Any CPU
		{49BFF953-D6AE-4256-9543-E7F7D3CD5B58}.Release|Any CPU.Build.0 = Release|Any CPU
		{12957476-F101-4838-BAC8-95CEC90B5B0B}.Debug|Any CPU.ActiveCfg = Debug|Any CPU
		{12957476-F101-4838-BAC8-95CEC90B5B0B}.Debug|Any CPU.Build.0 = Debug|Any CPU
		{12957476-F101-4838-BAC8-95CEC90B5B0B}.Release|Any CPU.ActiveCfg = Release|Any CPU
		{12957476-F101-4838-BAC8-95CEC90B5B0B}.Release|Any CPU.Build.0 = Release|Any CPU
		{BC4B7955-EF1E-4C66-8871-7F44711A124E}.Debug|Any CPU.ActiveCfg = Debug|Any CPU
		{BC4B7955-EF1E-4C66-8871-7F44711A124E}.Debug|Any CPU.Build.0 = Debug|Any CPU
		{BC4B7955-EF1E-4C66-8871-7F44711A124E}.Release|Any CPU.ActiveCfg = Release|Any CPU
		{BC4B7955-EF1E-4C66-8871-7F44711A124E}.Release|Any CPU.Build.0 = Release|Any CPU
		{FAC03D2B-16D8-440D-B3E3-1FCDAF0182A7}.Debug|Any CPU.ActiveCfg = Debug|Any CPU
		{FAC03D2B-16D8-440D-B3E3-1FCDAF0182A7}.Debug|Any CPU.Build.0 = Debug|Any CPU
		{FAC03D2B-16D8-440D-B3E3-1FCDAF0182A7}.Release|Any CPU.ActiveCfg = Release|Any CPU
		{FAC03D2B-16D8-440D-B3E3-1FCDAF0182A7}.Release|Any CPU.Build.0 = Release|Any CPU
	EndGlobalSection
EndGlobal
